
Microsoft Visual Studio Solution File, Format Version 12.00
# Visual Studio Version 16
VisualStudioVersion = 16.0.30114.105
MinimumVisualStudioVersion = 10.0.40219.1
Project("{FAE04EC0-301F-11D3-BF4B-00C04F79EFBC}") = "SOA.WebTest", "SOA.WebTest\SOA.WebTest.csproj", "{D847E5F5-0849-461C-AF23-784EF6290ABE}"
EndProject
Project("{FAE04EC0-301F-11D3-BF4B-00C04F79EFBC}") = "SOA.Interface", "SOA.Interface\SOA.Interface.csproj", "{8A7B176E-C5CE-4C0D-A617-C3F4F801BF63}"
EndProject
Project("{FAE04EC0-301F-11D3-BF4B-00C04F79EFBC}") = "SOA.Service", "SOA.Service\SOA.Service.csproj", "{2E5CA860-8D92-4B80-BD23-0A8884F416BD}"
EndProject
Project("{2150E333-8FDC-42A3-9474-1A3956D46DE8}") = "RuanMou", "RuanMou", "{0B5E884B-4793-42A2-99A5-0185DA44FB22}"
EndProject
Project("{2150E333-8FDC-42A3-9474-1A3956D46DE8}") = "YM.Common", "YM.Common", "{B5A91F82-7A82-4FED-917F-FF54D486C51B}"
EndProject
Project("{FAE04EC0-301F-11D3-BF4B-00C04F79EFBC}") = "Common", "Common\Common.csproj", "{95D906F9-A2B3-46D4-8F83-401FB198A1BF}"
EndProject
Project("{2150E333-8FDC-42A3-9474-1A3956D46DE8}") = "NetCore", "NetCore", "{8C2C27C1-7C52-4E1E-A7E4-06CB9AE9FE9A}"
EndProject
Project("{FAE04EC0-301F-11D3-BF4B-00C04F79EFBC}") = "Zhaoxi.AspNetCore3_1.Interface", "Zhaoxi.AspNetCore3_1.Interface\Zhaoxi.AspNetCore3_1.Interface.csproj", "{17A51EFB-15D7-4DC3-A672-51D17DFAA09F}"
EndProject
Project("{FAE04EC0-301F-11D3-BF4B-00C04F79EFBC}") = "Zhaoxi.AspNetCore3_1.Service", "Zhaoxi.AspNetCore3_1.Service\Zhaoxi.AspNetCore3_1.Service.csproj", "{3A324087-11EE-419D-9BB9-292C30638452}"
EndProject
Project("{FAE04EC0-301F-11D3-BF4B-00C04F79EFBC}") = "Zhaoxi.AspNetCore31.Demo", "Zhaoxi.AspNetCore31.Demo\Zhaoxi.AspNetCore31.Demo.csproj", "{AE4C1649-D410-4E11-9A15-0D144671783D}"
EndProject
Global
	GlobalSection(SolutionConfigurationPlatforms) = preSolution
		Debug|Any CPU = Debug|Any CPU
		Release|Any CPU = Release|Any CPU
	EndGlobalSection
	GlobalSection(ProjectConfigurationPlatforms) = postSolution
		{D847E5F5-0849-461C-AF23-784EF6290ABE}.Debug|Any CPU.ActiveCfg = Debug|Any CPU
		{D847E5F5-0849-461C-AF23-784EF6290ABE}.Debug|Any CPU.Build.0 = Debug|Any CPU
		{D847E5F5-0849-461C-AF23-784EF6290ABE}.Release|Any CPU.ActiveCfg = Release|Any CPU
		{D847E5F5-0849-461C-AF23-784EF6290ABE}.Release|Any CPU.Build.0 = Release|Any CPU
		{8A7B176E-C5CE-4C0D-A617-C3F4F801BF63}.Debug|Any CPU.ActiveCfg = Debug|Any CPU
		{8A7B176E-C5CE-4C0D-A617-C3F4F801BF63}.Debug|Any CPU.Build.0 = Debug|Any CPU
		{8A7B176E-C5CE-4C0D-A617-C3F4F801BF63}.Release|Any CPU.ActiveCfg = Release|Any CPU
		{8A7B176E-C5CE-4C0D-A617-C3F4F801BF63}.Release|Any CPU.Build.0 = Release|Any CPU
		{2E5CA860-8D92-4B80-BD23-0A8884F416BD}.Debug|Any CPU.ActiveCfg = Debug|Any CPU
		{2E5CA860-8D92-4B80-BD23-0A8884F416BD}.Debug|Any CPU.Build.0 = Debug|Any CPU
		{2E5CA860-8D92-4B80-BD23-0A8884F416BD}.Release|Any CPU.ActiveCfg = Release|Any CPU
		{2E5CA860-8D92-4B80-BD23-0A8884F416BD}.Release|Any CPU.Build.0 = Release|Any CPU
		{95D906F9-A2B3-46D4-8F83-401FB198A1BF}.Debug|Any CPU.ActiveCfg = Debug|Any CPU
		{95D906F9-A2B3-46D4-8F83-401FB198A1BF}.Debug|Any CPU.Build.0 = Debug|Any CPU
		{95D906F9-A2B3-46D4-8F83-401FB198A1BF}.Release|Any CPU.ActiveCfg = Release|Any CPU
		{95D906F9-A2B3-46D4-8F83-401FB198A1BF}.Release|Any CPU.Build.0 = Release|Any CPU
		{17A51EFB-15D7-4DC3-A672-51D17DFAA09F}.Debug|Any CPU.ActiveCfg = Debug|Any CPU
		{17A51EFB-15D7-4DC3-A672-51D17DFAA09F}.Debug|Any CPU.Build.0 = Debug|Any CPU
		{17A51EFB-15D7-4DC3-A672-51D17DFAA09F}.Release|Any CPU.ActiveCfg = Release|Any CPU
		{17A51EFB-15D7-4DC3-A672-51D17DFAA09F}.Release|Any CPU.Build.0 = Release|Any CPU
		{3A324087-11EE-419D-9BB9-292C30638452}.Debug|Any CPU.ActiveCfg = Debug|Any CPU
		{3A324087-11EE-419D-9BB9-292C30638452}.Debug|Any CPU.Build.0 = Debug|Any CPU
		{3A324087-11EE-419D-9BB9-292C30638452}.Release|Any CPU.ActiveCfg = Release|Any CPU
		{3A324087-11EE-419D-9BB9-292C30638452}.Release|Any CPU.Build.0 = Release|Any CPU
		{AE4C1649-D410-4E11-9A15-0D144671783D}.Debug|Any CPU.ActiveCfg = Debug|Any CPU
		{AE4C1649-D410-4E11-9A15-0D144671783D}.Debug|Any CPU.Build.0 = Debug|Any CPU
		{AE4C1649-D410-4E11-9A15-0D144671783D}.Release|Any CPU.ActiveCfg = Release|Any CPU
		{AE4C1649-D410-4E11-9A15-0D144671783D}.Release|Any CPU.Build.0 = Release|Any CPU
	EndGlobalSection
	GlobalSection(SolutionProperties) = preSolution
		HideSolutionNode = FALSE
	EndGlobalSection
	GlobalSection(NestedProjects) = preSolution
		{D847E5F5-0849-461C-AF23-784EF6290ABE} = {0B5E884B-4793-42A2-99A5-0185DA44FB22}
		{8A7B176E-C5CE-4C0D-A617-C3F4F801BF63} = {0B5E884B-4793-42A2-99A5-0185DA44FB22}
		{2E5CA860-8D92-4B80-BD23-0A8884F416BD} = {0B5E884B-4793-42A2-99A5-0185DA44FB22}
		{95D906F9-A2B3-46D4-8F83-401FB198A1BF} = {B5A91F82-7A82-4FED-917F-FF54D486C51B}
		{8C2C27C1-7C52-4E1E-A7E4-06CB9AE9FE9A} = {0B5E884B-4793-42A2-99A5-0185DA44FB22}
		{17A51EFB-15D7-4DC3-A672-51D17DFAA09F} = {8C2C27C1-7C52-4E1E-A7E4-06CB9AE9FE9A}
		{3A324087-11EE-419D-9BB9-292C30638452} = {8C2C27C1-7C52-4E1E-A7E4-06CB9AE9FE9A}
		{AE4C1649-D410-4E11-9A15-0D144671783D} = {8C2C27C1-7C52-4E1E-A7E4-06CB9AE9FE9A}
	EndGlobalSection
	GlobalSection(ExtensibilityGlobals) = postSolution
		SolutionGuid = {E58912CC-851F-4473-B082-05553108D88D}
	EndGlobalSection
EndGlobal
